// !$*UTF8*$!
{
	archiveVersion = 1;
	classes = {
	};
	objectVersion = 46;
	objects = {

/* Begin PBXBuildFile section */
		E5B21CF11ACB89C000BB8C0D /* main.m in Sources */ = {isa = PBXBuildFile; fileRef = E5B21CF01ACB89C000BB8C0D /* main.m */; };
		E5B21CF41ACB89C000BB8C0D /* AppDelegate.m in Sources */ = {isa = PBXBuildFile; fileRef = E5B21CF31ACB89C000BB8C0D /* AppDelegate.m */; };
		E5B21CF71ACB89C000BB8C0D /* ViewController.m in Sources */ = {isa = PBXBuildFile; fileRef = E5B21CF61ACB89C000BB8C0D /* ViewController.m */; };
		E5B21CFA1ACB89C000BB8C0D /* Main.storyboard in Resources */ = {isa = PBXBuildFile; fileRef = E5B21CF81ACB89C000BB8C0D /* Main.storyboard */; };
		E5B21CFC1ACB89C000BB8C0D /* Images.xcassets in Resources */ = {isa = PBXBuildFile; fileRef = E5B21CFB1ACB89C000BB8C0D /* Images.xcassets */; };
		E5B21CFF1ACB89C000BB8C0D /* LaunchScreen.xib in Resources */ = {isa = PBXBuildFile; fileRef = E5B21CFD1ACB89C000BB8C0D /* LaunchScreen.xib */; };
		E5B21D0B1ACB89C000BB8C0D /* HappyBDayTests.m in Sources */ = {isa = PBXBuildFile; fileRef = E5B21D0A1ACB89C000BB8C0D /* HappyBDayTests.m */; };
/* End PBXBuildFile section */

/* Begin PBXContainerItemProxy section */
		E5B21D051ACB89C000BB8C0D /* PBXContainerItemProxy */ = {
			isa = PBXContainerItemProxy;
			containerPortal = E5B21CE31ACB89C000BB8C0D /* Project object */;
			proxyType = 1;
			remoteGlobalIDString = E5B21CEA1ACB89C000BB8C0D;
			remoteInfo = HappyBDay;
		};
/* End PBXContainerItemProxy section */

/* Begin PBXFileReference section */
		E5B21CEB1ACB89C000BB8C0D /* HappyBDay.app */ = {isa = PBXFileReference; explicitFileType = wrapper.application; includeInIndex = 0; path = HappyBDay.app; sourceTree = BUILT_PRODUCTS_DIR; };
		E5B21CEF1ACB89C000BB8C0D /* Info.plist */ = {isa = PBXFileReference; lastKnownFileType = text.plist.xml; path = Info.plist; sourceTree = "<group>"; };
		E5B21CF01ACB89C000BB8C0D /* main.m */ = {isa = PBXFileReference; lastKnownFileType = sourcecode.c.objc; path = main.m; sourceTree = "<group>"; };
		E5B21CF21ACB89C000BB8C0D /* AppDelegate.h */ = {isa = PBXFileReference; lastKnownFileType = sourcecode.c.h; path = AppDelegate.h; sourceTree = "<group>"; };
		E5B21CF31ACB89C000BB8C0D /* AppDelegate.m */ = {isa = PBXFileReference; lastKnownFileType = sourcecode.c.objc; path = AppDelegate.m; sourceTree = "<group>"; };
		E5B21CF51ACB89C000BB8C0D /* ViewController.h */ = {isa = PBXFileReference; lastKnownFileType = sourcecode.c.h; path = ViewController.h; sourceTree = "<group>"; };
		E5B21CF61ACB89C000BB8C0D /* ViewController.m */ = {isa = PBXFileReference; lastKnownFileType = sourcecode.c.objc; path = ViewController.m; sourceTree = "<group>"; };
		E5B21CF91ACB89C000BB8C0D /* Base */ = {isa = PBXFileReference; lastKnownFileType = file.storyboard; name = Base; path = Base.lproj/Main.storyboard; sourceTree = "<group>"; };
		E5B21CFB1ACB89C000BB8C0D /* Images.xcassets */ = {isa = PBXFileReference; lastKnownFileType = folder.assetcatalog; path = Images.xcassets; sourceTree = "<group>"; };
		E5B21CFE1ACB89C000BB8C0D /* Base */ = {isa = PBXFileReference; lastKnownFileType = file.xib; name = Base; path = Base.lproj/LaunchScreen.xib; sourceTree = "<group>"; };
		E5B21D041ACB89C000BB8C0D /* HappyBDayTests.xctest */ = {isa = PBXFileReference; explicitFileType = wrapper.cfbundle; includeInIndex = 0; path = HappyBDayTests.xctest; sourceTree = BUILT_PRODUCTS_DIR; };
		E5B21D091ACB89C000BB8C0D /* Info.plist */ = {isa = PBXFileReference; lastKnownFileType = text.plist.xml; path = Info.plist; sourceTree = "<group>"; };
		E5B21D0A1ACB89C000BB8C0D /* HappyBDayTests.m */ = {isa = PBXFileReference; lastKnownFileType = sourcecode.c.objc; path = HappyBDayTests.m; sourceTree = "<group>"; };
/* End PBXFileReference section */

/* Begin PBXFrameworksBuildPhase section */
		E5B21CE81ACB89C000BB8C0D /* Frameworks */ = {
			isa = PBXFrameworksBuildPhase;
			buildActionMask = 2147483647;
			files = (
			);
			runOnlyForDeploymentPostprocessing = 0;
		};
		E5B21D011ACB89C000BB8C0D /* Frameworks */ = {
			isa = PBXFrameworksBuildPhase;
			buildActionMask = 2147483647;
			files = (
			);
			runOnlyForDeploymentPostprocessing = 0;
		};
/* End PBXFrameworksBuildPhase section */

/* Begin PBXGroup section */
		E5B21CE21ACB89C000BB8C0D = {
			isa = PBXGroup;
			children = (
				E5B21CED1ACB89C000BB8C0D /* HappyBDay */,
				E5B21D071ACB89C000BB8C0D /* HappyBDayTests */,
				E5B21CEC1ACB89C000BB8C0D /* Products */,
			);
			sourceTree = "<group>";
		};
		E5B21CEC1ACB89C000BB8C0D /* Products */ = {
			isa = PBXGroup;
			children = (
				E5B21CEB1ACB89C000BB8C0D /* HappyBDay.app */,
				E5B21D041ACB89C000BB8C0D /* HappyBDayTests.xctest */,
			);
			name = Products;
			sourceTree = "<group>";
		};
		E5B21CED1ACB89C000BB8C0D /* HappyBDay */ = {
			isa = PBXGroup;
			children = (
				E5B21CF21ACB89C000BB8C0D /* AppDelegate.h */,
				E5B21CF31ACB89C000BB8C0D /* AppDelegate.m */,
				E5B21CF51ACB89C000BB8C0D /* ViewController.h */,
				E5B21CF61ACB89C000BB8C0D /* ViewController.m */,
				E5B21CF81ACB89C000BB8C0D /* Main.storyboard */,
				E5B21CFB1ACB89C000BB8C0D /* Images.xcassets */,
				E5B21CFD1ACB89C000BB8C0D /* LaunchScreen.xib */,
				E5B21CEE1ACB89C000BB8C0D /* Supporting Files */,
			);
			path = HappyBDay;
			sourceTree = "<group>";
		};
		E5B21CEE1ACB89C000BB8C0D /* Supporting Files */ = {
			isa = PBXGroup;
			children = (
				E5B21CEF1ACB89C000BB8C0D /* Info.plist */,
				E5B21CF01ACB89C000BB8C0D /* main.m */,
			);
			name = "Supporting Files";
			sourceTree = "<group>";
		};
		E5B21D071ACB89C000BB8C0D /* HappyBDayTests */ = {
			isa = PBXGroup;
			children = (
				E5B21D0A1ACB89C000BB8C0D /* HappyBDayTests.m */,
				E5B21D081ACB89C000BB8C0D /* Supporting Files */,
			);
			path = HappyBDayTests;
			sourceTree = "<group>";
		};
		E5B21D081ACB89C000BB8C0D /* Supporting Files */ = {
			isa = PBXGroup;
			children = (
				E5B21D091ACB89C000BB8C0D /* Info.plist */,
			);
			name = "Supporting Files";
			sourceTree = "<group>";
		};
/* End PBXGroup section */

/* Begin PBXNativeTarget section */
		E5B21CEA1ACB89C000BB8C0D /* HappyBDay */ = {
			isa = PBXNativeTarget;
			buildConfigurationList = E5B21D0E1ACB89C000BB8C0D /* Build configuration list for PBXNativeTarget "HappyBDay" */;
			buildPhases = (
				E5B21CE71ACB89C000BB8C0D /* Sources */,
				E5B21CE81ACB89C000BB8C0D /* Frameworks */,
				E5B21CE91ACB89C000BB8C0D /* Resources */,
			);
			buildRules = (
			);
			dependencies = (
			);
			name = HappyBDay;
			productName = HappyBDay;
			productReference = E5B21CEB1ACB89C000BB8C0D /* HappyBDay.app */;
			productType = "com.apple.product-type.application";
		};
		E5B21D031ACB89C000BB8C0D /* HappyBDayTests */ = {
			isa = PBXNativeTarget;
			buildConfigurationList = E5B21D111ACB89C000BB8C0D /* Build configuration list for PBXNativeTarget "HappyBDayTests" */;
			buildPhases = (
				E5B21D001ACB89C000BB8C0D /* Sources */,
				E5B21D011ACB89C000BB8C0D /* Frameworks */,
				E5B21D021ACB89C000BB8C0D /* Resources */,
			);
			buildRules = (
			);
			dependencies = (
				E5B21D061ACB89C000BB8C0D /* PBXTargetDependency */,
			);
			name = HappyBDayTests;
			productName = HappyBDayTests;
			productReference = E5B21D041ACB89C000BB8C0D /* HappyBDayTests.xctest */;
			productType = "com.apple.product-type.bundle.unit-test";
		};
/* End PBXNativeTarget section */

/* Begin PBXProject section */
		E5B21CE31ACB89C000BB8C0D /* Project object */ = {
			isa = PBXProject;
			attributes = {
				LastUpgradeCheck = 0620;
				ORGANIZATIONNAME = BandoKal;
				TargetAttributes = {
					E5B21CEA1ACB89C000BB8C0D = {
						CreatedOnToolsVersion = 6.2;
					};
					E5B21D031ACB89C000BB8C0D = {
						CreatedOnToolsVersion = 6.2;
						TestTargetID = E5B21CEA1ACB89C000BB8C0D;
					};
				};
			};
			buildConfigurationList = E5B21CE61ACB89C000BB8C0D /* Build configuration list for PBXProject "HappyBDay" */;
			compatibilityVersion = "Xcode 3.2";
			developmentRegion = English;
			hasScannedForEncodings = 0;
			knownRegions = (
				en,
				Base,
			);
			mainGroup = E5B21CE21ACB89C000BB8C0D;
			productRefGroup = E5B21CEC1ACB89C000BB8C0D /* Products */;
			projectDirPath = "";
			projectRoot = "";
			targets = (
				E5B21CEA1ACB89C000BB8C0D /* HappyBDay */,
				E5B21D031ACB89C000BB8C0D /* HappyBDayTests */,
			);
		};
/* End PBXProject section */

/* Begin PBXResourcesBuildPhase section */
		E5B21CE91ACB89C000BB8C0D /* Resources */ = {
			isa = PBXResourcesBuildPhase;
			buildActionMask = 2147483647;
			files = (
				E5B21CFA1ACB89C000BB8C0D /* Main.storyboard in Resources */,
				E5B21CFF1ACB89C000BB8C0D /* LaunchScreen.xib in Resources */,
				E5B21CFC1ACB89C000BB8C0D /* Images.xcassets in Resources */,
			);
			runOnlyForDeploymentPostprocessing = 0;
		};
		E5B21D021ACB89C000BB8C0D /* Resources */ = {
			isa = PBXResourcesBuildPhase;
			buildActionMask = 2147483647;
			files = (
			);
			runOnlyForDeploymentPostprocessing = 0;
		};
/* End PBXResourcesBuildPhase section */

/* Begin PBXSourcesBuildPhase section */
		E5B21CE71ACB89C000BB8C0D /* Sources */ = {
			isa = PBXSourcesBuildPhase;
			buildActionMask = 2147483647;
			files = (
				E5B21CF71ACB89C000BB8C0D /* ViewController.m in Sources */,
				E5B21CF41ACB89C000BB8C0D /* AppDelegate.m in Sources */,
				E5B21CF11ACB89C000BB8C0D /* main.m in Sources */,
			);
			runOnlyForDeploymentPostprocessing = 0;
		};
		E5B21D001ACB89C000BB8C0D /* Sources */ = {
			isa = PBXSourcesBuildPhase;
			buildActionMask = 2147483647;
			files = (
				E5B21D0B1ACB89C000BB8C0D /* HappyBDayTests.m in Sources */,
			);
			runOnlyForDeploymentPostprocessing = 0;
		};
/* End PBXSourcesBuildPhase section */

/* Begin PBXTargetDependency section */
		E5B21D061ACB89C000BB8C0D /* PBXTargetDependency */ = {
			isa = PBXTargetDependency;
			target = E5B21CEA1ACB89C000BB8C0D /* HappyBDay */;
			targetProxy = E5B21D051ACB89C000BB8C0D /* PBXContainerItemProxy */;
		};
/* End PBXTargetDependency section */

/* Begin PBXVariantGroup section */
		E5B21CF81ACB89C000BB8C0D /* Main.storyboard */ = {
			isa = PBXVariantGroup;
			children = (
				E5B21CF91ACB89C000BB8C0D /* Base */,
			);
			name = Main.storyboard;
			sourceTree = "<group>";
		};
		E5B21CFD1ACB89C000BB8C0D /* LaunchScreen.xib */ = {
			isa = PBXVariantGroup;
			children = (
				E5B21CFE1ACB89C000BB8C0D /* Base */,
			);
			name = LaunchScreen.xib;
			sourceTree = "<group>";
		};
/* End PBXVariantGroup section */

/* Begin XCBuildConfiguration section */
		E5B21D0C1ACB89C000BB8C0D /* Debug */ = {
			isa = XCBuildConfiguration;
			buildSettings = {
				ALWAYS_SEARCH_USER_PATHS = NO;
				CLANG_CXX_LANGUAGE_STANDARD = "gnu++0x";
				CLANG_CXX_LIBRARY = "libc++";
				CLANG_ENABLE_MODULES = YES;
				CLANG_ENABLE_OBJC_ARC = YES;
				CLANG_WARN_BOOL_CONVERSION = YES;
				CLANG_WARN_CONSTANT_CONVERSION = YES;
				CLANG_WARN_DIRECT_OBJC_ISA_USAGE = YES_ERROR;
				CLANG_WARN_EMPTY_BODY = YES;
				CLANG_WARN_ENUM_CONVERSION = YES;
				CLANG_WARN_INT_CONVERSION = YES;
				CLANG_WARN_OBJC_ROOT_CLASS = YES_ERROR;
				CLANG_WARN_UNREACHABLE_CODE = YES;
				CLANG_WARN__DUPLICATE_METHOD_MATCH = YES;
				"CODE_SIGN_IDENTITY[sdk=iphoneos*]" = "iPhone Developer";
				COPY_PHASE_STRIP = NO;
				ENABLE_STRICT_OBJC_MSGSEND = YES;
				GCC_C_LANGUAGE_STANDARD = gnu99;
				GCC_DYNAMIC_NO_PIC = NO;
				GCC_OPTIMIZATION_LEVEL = 0;
				GCC_PREPROCESSOR_DEFINITIONS = (
					"DEBUG=1",
					"$(inherited)",
				);
				GCC_SYMBOLS_PRIVATE_EXTERN = NO;
				GCC_WARN_64_TO_32_BIT_CONVERSION = YES;
				GCC_WARN_ABOUT_RETURN_TYPE = YES_ERROR;
				GCC_WARN_UNDECLARED_SELECTOR = YES;
				GCC_WARN_UNINITIALIZED_AUTOS = YES_AGGRESSIVE;
				GCC_WARN_UNUSED_FUNCTION = YES;
				GCC_WARN_UNUSED_VARIABLE = YES;
				IPHONEOS_DEPLOYMENT_TARGET = 8.2;
				MTL_ENABLE_DEBUG_INFO = YES;
				ONLY_ACTIVE_ARCH = YES;
				SDKROOT = iphoneos;
			};
			name = Debug;
		};
		E5B21D0D1ACB89C000BB8C0D /* Release */ = {
			isa = XCBuildConfiguration;
			buildSettings = {
				ALWAYS_SEARCH_USER_PATHS = NO;
				CLANG_CXX_LANGUAGE_STANDARD = "gnu++0x";
				CLANG_CXX_LIBRARY = "libc++";
				CLANG_ENABLE_MODULES = YES;
				CLANG_ENABLE_OBJC_ARC = YES;
				CLANG_WARN_BOOL_CONVERSION = YES;
				CLANG_WARN_CONSTANT_CONVERSION = YES;
				CLANG_WARN_DIRECT_OBJC_ISA_USAGE = YES_ERROR;
				CLANG_WARN_EMPTY_BODY = YES;
				CLANG_WARN_ENUM_CONVERSION = YES;
				CLANG_WARN_INT_CONVERSION = YES;
				CLANG_WARN_OBJC_ROOT_CLASS = YES_ERROR;
				CLANG_WARN_UNREACHABLE_CODE = YES;
				CLANG_WARN__DUPLICATE_METHOD_MATCH = YES;
				"CODE_SIGN_IDENTITY[sdk=iphoneos*]" = "iPhone Developer";
				COPY_PHASE_STRIP = NO;
				ENABLE_NS_ASSERTIONS = NO;
				ENABLE_STRICT_OBJC_MSGSEND = YES;
				GCC_C_LANGUAGE_STANDARD = gnu99;
				GCC_WARN_64_TO_32_BIT_CONVERSION = YES;
				GCC_WARN_ABOUT_RETURN_TYPE = YES_ERROR;
				GCC_WARN_UNDECLARED_SELECTOR = YES;
				GCC_WARN_UNINITIALIZED_AUTOS = YES_AGGRESSIVE;
				GCC_WARN_UNUSED_FUNCTION = YES;
				GCC_WARN_UNUSED_VARIABLE = YES;
				IPHONEOS_DEPLOYMENT_TARGET = 8.2;
				MTL_ENABLE_DEBUG_INFO = NO;
				SDKROOT = iphoneos;
				VALIDATE_PRODUCT = YES;
			};
			name = Release;
		};
		E5B21D0F1ACB89C000BB8C0D /* Debug */ = {
			isa = XCBuildConfiguration;
			buildSettings = {
				ASSETCATALOG_COMPILER_APPICON_NAME = AppIcon;
				INFOPLIST_FILE = HappyBDay/Info.plist;
				LD_RUNPATH_SEARCH_PATHS = "$(inherited) @executable_path/Frameworks";
				PRODUCT_NAME = "$(TARGET_NAME)";
			};
			name = Debug;
		};
		E5B21D101ACB89C000BB8C0D /* Release */ = {
			isa = XCBuildConfiguration;
			buildSettings = {
				ASSETCATALOG_COMPILER_APPICON_NAME = AppIcon;
				INFOPLIST_FILE = HappyBDay/Info.plist;
				LD_RUNPATH_SEARCH_PATHS = "$(inherited) @executable_path/Frameworks";
				PRODUCT_NAME = "$(TARGET_NAME)";
			};
			name = Release;
		};
		E5B21D121ACB89C000BB8C0D /* Debug */ = {
			isa = XCBuildConfiguration;
			buildSettings = {
				BUNDLE_LOADER = "$(TEST_HOST)";
				FRAMEWORK_SEARCH_PATHS = (
					"$(SDKROOT)/Developer/Library/Frameworks",
					"$(inherited)",
				);
				GCC_PREPROCESSOR_DEFINITIONS = (
					"DEBUG=1",
					"$(inherited)",
				);
				INFOPLIST_FILE = HappyBDayTests/Info.plist;
				LD_RUNPATH_SEARCH_PATHS = "$(inherited) @executable_path/Frameworks @loader_path/Frameworks";
				PRODUCT_NAME = "$(TARGET_NAME)";
				TEST_HOST = "$(BUILT_PRODUCTS_DIR)/HappyBDay.app/HappyBDay";
			};
			name = Debug;
		};
		E5B21D131ACB89C000BB8C0D /* Release */ = {
			isa = XCBuildConfiguration;
			buildSettings = {
				BUNDLE_LOADER = "$(TEST_HOST)";
				FRAMEWORK_SEARCH_PATHS = (
					"$(SDKROOT)/Developer/Library/Frameworks",
					"$(inherited)",
				);
				INFOPLIST_FILE = HappyBDayTests/Info.plist;
				LD_RUNPATH_SEARCH_PATHS = "$(inherited) @executable_path/Frameworks @loader_path/Frameworks";
				PRODUCT_NAME = "$(TARGET_NAME)";
				TEST_HOST = "$(BUILT_PRODUCTS_DIR)/HappyBDay.app/HappyBDay";
			};
			name = Release;
		};
/* End XCBuildConfiguration section */

/* Begin XCConfigurationList section */
		E5B21CE61ACB89C000BB8C0D /* Build configuration list for PBXProject "HappyBDay" */ = {
			isa = XCConfigurationList;
			buildConfigurations = (
				E5B21D0C1ACB89C000BB8C0D /* Debug */,
				E5B21D0D1ACB89C000BB8C0D /* Release */,
			);
			defaultConfigurationIsVisible = 0;
			defaultConfigurationName = Release;
		};
		E5B21D0E1ACB89C000BB8C0D /* Build configuration list for PBXNativeTarget "HappyBDay" */ = {
			isa = XCConfigurationList;
			buildConfigurations = (
				E5B21D0F1ACB89C000BB8C0D /* Debug */,
				E5B21D101ACB89C000BB8C0D /* Release */,
			);
			defaultConfigurationIsVisible = 0;
		};
		E5B21D111ACB89C000BB8C0D /* Build configuration list for PBXNativeTarget "HappyBDayTests" */ = {
			isa = XCConfigurationList;
			buildConfigurations = (
				E5B21D121ACB89C000BB8C0D /* Debug */,
				E5B21D131ACB89C000BB8C0D /* Release */,
			);
			defaultConfigurationIsVisible = 0;
		};
/* End XCConfigurationList section */
	};
	rootObject = E5B21CE31ACB89C000BB8C0D /* Project object */;
}
